// !$*UTF8*$!
{
	archiveVersion = 1;
	classes = {
	};
	objectVersion = 55;
	objects = {

/* Begin PBXBuildFile section */
		FC04107B292F5AFC00D44961 /* CategoriesPickerViewController.swift in Sources */ = {isa = PBXBuildFile; fileRef = FC04107A292F5AFC00D44961 /* CategoriesPickerViewController.swift */; };
		FC46DEDD2933D8D0007954D3 /* TabBarController.swift in Sources */ = {isa = PBXBuildFile; fileRef = FC46DEDC2933D8D0007954D3 /* TabBarController.swift */; };
		FC46DEDF2933DD0F007954D3 /* StartChallengeViewController.swift in Sources */ = {isa = PBXBuildFile; fileRef = FC46DEDE2933DD0F007954D3 /* StartChallengeViewController.swift */; };
		FC46DEE12933DD32007954D3 /* ProgressViewController.swift in Sources */ = {isa = PBXBuildFile; fileRef = FC46DEE02933DD32007954D3 /* ProgressViewController.swift */; };
		FC46DEE32933F243007954D3 /* ChallengeViewController.swift in Sources */ = {isa = PBXBuildFile; fileRef = FC46DEE22933F242007954D3 /* ChallengeViewController.swift */; };
		FC91AF71292FB0F700A4D352 /* CategoryViewCell.swift in Sources */ = {isa = PBXBuildFile; fileRef = FC91AF70292FB0F700A4D352 /* CategoryViewCell.swift */; };
		FC9D9826292D0BE40028A239 /* DCBaseView.swift in Sources */ = {isa = PBXBuildFile; fileRef = FC9D9825292D0BE40028A239 /* DCBaseView.swift */; };
		FC9D9829292D0D450028A239 /* GreetingsView.swift in Sources */ = {isa = PBXBuildFile; fileRef = FC9D9828292D0D450028A239 /* GreetingsView.swift */; };
		FCA33978292CA4A200C38E7B /* Challenge.swift in Sources */ = {isa = PBXBuildFile; fileRef = FCA33977292CA4A200C38E7B /* Challenge.swift */; };
		FCA9A97E292A60D500B5217E /* AppDelegate.swift in Sources */ = {isa = PBXBuildFile; fileRef = FCA9A97D292A60D500B5217E /* AppDelegate.swift */; };
		FCA9A982292A60D500B5217E /* GreetingsViewController.swift in Sources */ = {isa = PBXBuildFile; fileRef = FCA9A981292A60D500B5217E /* GreetingsViewController.swift */; };
		FCA9A987292A60D500B5217E /* Assets.xcassets in Resources */ = {isa = PBXBuildFile; fileRef = FCA9A986292A60D500B5217E /* Assets.xcassets */; };
		FCA9A98A292A60D500B5217E /* LaunchScreen.storyboard in Resources */ = {isa = PBXBuildFile; fileRef = FCA9A988292A60D500B5217E /* LaunchScreen.storyboard */; };
		FCA9A997292A657E00B5217E /* DCBaseViewController.swift in Sources */ = {isa = PBXBuildFile; fileRef = FCA9A996292A657E00B5217E /* DCBaseViewController.swift */; };
		FCA9A999292A688900B5217E /* Resources.swift in Sources */ = {isa = PBXBuildFile; fileRef = FCA9A998292A688900B5217E /* Resources.swift */; };
		FCA9A99C292A68EE00B5217E /* DataManager.swift in Sources */ = {isa = PBXBuildFile; fileRef = FCA9A99B292A68EE00B5217E /* DataManager.swift */; };
		FCA9A99E292A690E00B5217E /* StorageManager.swift in Sources */ = {isa = PBXBuildFile; fileRef = FCA9A99D292A690E00B5217E /* StorageManager.swift */; };
		FCA9A9A3292A73BA00B5217E /* UIView + ext.swift in Sources */ = {isa = PBXBuildFile; fileRef = FCA9A9A2292A73BA00B5217E /* UIView + ext.swift */; };
/* End PBXBuildFile section */

/* Begin PBXFileReference section */
		FC04107A292F5AFC00D44961 /* CategoriesPickerViewController.swift */ = {isa = PBXFileReference; lastKnownFileType = sourcecode.swift; path = CategoriesPickerViewController.swift; sourceTree = "<group>"; };
		FC46DEDC2933D8D0007954D3 /* TabBarController.swift */ = {isa = PBXFileReference; lastKnownFileType = sourcecode.swift; path = TabBarController.swift; sourceTree = "<group>"; };
		FC46DEDE2933DD0F007954D3 /* StartChallengeViewController.swift */ = {isa = PBXFileReference; lastKnownFileType = sourcecode.swift; path = StartChallengeViewController.swift; sourceTree = "<group>"; };
		FC46DEE02933DD32007954D3 /* ProgressViewController.swift */ = {isa = PBXFileReference; lastKnownFileType = sourcecode.swift; path = ProgressViewController.swift; sourceTree = "<group>"; };
		FC46DEE22933F242007954D3 /* ChallengeViewController.swift */ = {isa = PBXFileReference; lastKnownFileType = sourcecode.swift; path = ChallengeViewController.swift; sourceTree = "<group>"; };
		FC91AF70292FB0F700A4D352 /* CategoryViewCell.swift */ = {isa = PBXFileReference; lastKnownFileType = sourcecode.swift; path = CategoryViewCell.swift; sourceTree = "<group>"; };
		FC9D9825292D0BE40028A239 /* DCBaseView.swift */ = {isa = PBXFileReference; lastKnownFileType = sourcecode.swift; path = DCBaseView.swift; sourceTree = "<group>"; };
		FC9D9828292D0D450028A239 /* GreetingsView.swift */ = {isa = PBXFileReference; lastKnownFileType = sourcecode.swift; path = GreetingsView.swift; sourceTree = "<group>"; };
		FCA33977292CA4A200C38E7B /* Challenge.swift */ = {isa = PBXFileReference; lastKnownFileType = sourcecode.swift; path = Challenge.swift; sourceTree = "<group>"; };
		FCA9A97A292A60D500B5217E /* DailyChallenge.app */ = {isa = PBXFileReference; explicitFileType = wrapper.application; includeInIndex = 0; path = DailyChallenge.app; sourceTree = BUILT_PRODUCTS_DIR; };
		FCA9A97D292A60D500B5217E /* AppDelegate.swift */ = {isa = PBXFileReference; lastKnownFileType = sourcecode.swift; path = AppDelegate.swift; sourceTree = "<group>"; };
		FCA9A981292A60D500B5217E /* GreetingsViewController.swift */ = {isa = PBXFileReference; lastKnownFileType = sourcecode.swift; path = GreetingsViewController.swift; sourceTree = "<group>"; };
		FCA9A986292A60D500B5217E /* Assets.xcassets */ = {isa = PBXFileReference; lastKnownFileType = folder.assetcatalog; path = Assets.xcassets; sourceTree = "<group>"; };
		FCA9A989292A60D500B5217E /* Base */ = {isa = PBXFileReference; lastKnownFileType = file.storyboard; name = Base; path = Base.lproj/LaunchScreen.storyboard; sourceTree = "<group>"; };
		FCA9A98B292A60D500B5217E /* Info.plist */ = {isa = PBXFileReference; lastKnownFileType = text.plist.xml; path = Info.plist; sourceTree = "<group>"; };
		FCA9A996292A657E00B5217E /* DCBaseViewController.swift */ = {isa = PBXFileReference; lastKnownFileType = sourcecode.swift; path = DCBaseViewController.swift; sourceTree = "<group>"; };
		FCA9A998292A688900B5217E /* Resources.swift */ = {isa = PBXFileReference; lastKnownFileType = sourcecode.swift; path = Resources.swift; sourceTree = "<group>"; };
		FCA9A99B292A68EE00B5217E /* DataManager.swift */ = {isa = PBXFileReference; lastKnownFileType = sourcecode.swift; path = DataManager.swift; sourceTree = "<group>"; };
		FCA9A99D292A690E00B5217E /* StorageManager.swift */ = {isa = PBXFileReference; lastKnownFileType = sourcecode.swift; path = StorageManager.swift; sourceTree = "<group>"; };
		FCA9A9A2292A73BA00B5217E /* UIView + ext.swift */ = {isa = PBXFileReference; lastKnownFileType = sourcecode.swift; path = "UIView + ext.swift"; sourceTree = "<group>"; };
/* End PBXFileReference section */

/* Begin PBXFrameworksBuildPhase section */
		FCA9A977292A60D500B5217E /* Frameworks */ = {
			isa = PBXFrameworksBuildPhase;
			buildActionMask = 2147483647;
			files = (
			);
			runOnlyForDeploymentPostprocessing = 0;
		};
/* End PBXFrameworksBuildPhase section */

/* Begin PBXGroup section */
		FC46DEDB2933D7C5007954D3 /* MainFlow */ = {
			isa = PBXGroup;
			children = (
				FC46DEDC2933D8D0007954D3 /* TabBarController.swift */,
				FC46DEDE2933DD0F007954D3 /* StartChallengeViewController.swift */,
				FC46DEE22933F242007954D3 /* ChallengeViewController.swift */,
				FC46DEE02933DD32007954D3 /* ProgressViewController.swift */,
			);
			name = MainFlow;
			sourceTree = "<group>";
		};
		FC9D9827292D0D1F0028A239 /* Views */ = {
			isa = PBXGroup;
			children = (
				FC9D9828292D0D450028A239 /* GreetingsView.swift */,
			);
			name = Views;
			sourceTree = "<group>";
		};
		FCA33976292CA48900C38E7B /* Models */ = {
			isa = PBXGroup;
			children = (
				FCA33977292CA4A200C38E7B /* Challenge.swift */,
			);
			path = Models;
			sourceTree = "<group>";
		};
		FCA9A971292A60D500B5217E = {
			isa = PBXGroup;
			children = (
				FCA9A97C292A60D500B5217E /* DailyChallenge */,
				FCA9A97B292A60D500B5217E /* Products */,
			);
			sourceTree = "<group>";
		};
		FCA9A97B292A60D500B5217E /* Products */ = {
			isa = PBXGroup;
			children = (
				FCA9A97A292A60D500B5217E /* DailyChallenge.app */,
			);
			name = Products;
			sourceTree = "<group>";
		};
		FCA9A97C292A60D500B5217E /* DailyChallenge */ = {
			isa = PBXGroup;
			children = (
				FCA9A991292A62CE00B5217E /* SupportingFiles */,
				FCA9A994292A63A200B5217E /* Helpers */,
				FCA33976292CA48900C38E7B /* Models */,
				FCA9A99A292A68D500B5217E /* Services */,
				FCA9A992292A62E600B5217E /* ViewControllers */,
				FCA9A993292A630300B5217E /* Resources */,
				FCA9A988292A60D500B5217E /* LaunchScreen.storyboard */,
			);
			path = DailyChallenge;
			sourceTree = "<group>";
		};
		FCA9A991292A62CE00B5217E /* SupportingFiles */ = {
			isa = PBXGroup;
			children = (
				FCA9A97D292A60D500B5217E /* AppDelegate.swift */,
				FCA9A98B292A60D500B5217E /* Info.plist */,
			);
			path = SupportingFiles;
			sourceTree = "<group>";
		};
		FCA9A992292A62E600B5217E /* ViewControllers */ = {
			isa = PBXGroup;
			children = (
				FCA9A995292A654400B5217E /* Base */,
				FCA9A9A1292A698A00B5217E /* Onboarding */,
				FC46DEDB2933D7C5007954D3 /* MainFlow */,
			);
			name = ViewControllers;
			sourceTree = "<group>";
		};
		FCA9A993292A630300B5217E /* Resources */ = {
			isa = PBXGroup;
			children = (
				FCA9A986292A60D500B5217E /* Assets.xcassets */,
			);
			path = Resources;
			sourceTree = "<group>";
		};
		FCA9A994292A63A200B5217E /* Helpers */ = {
			isa = PBXGroup;
			children = (
				FCA9A998292A688900B5217E /* Resources.swift */,
				FCA9A9A2292A73BA00B5217E /* UIView + ext.swift */,
			);
			path = Helpers;
			sourceTree = "<group>";
		};
		FCA9A995292A654400B5217E /* Base */ = {
			isa = PBXGroup;
			children = (
				FCA9A996292A657E00B5217E /* DCBaseViewController.swift */,
				FC9D9825292D0BE40028A239 /* DCBaseView.swift */,
			);
			name = Base;
			sourceTree = "<group>";
		};
		FCA9A99A292A68D500B5217E /* Services */ = {
			isa = PBXGroup;
			children = (
				FCA9A99B292A68EE00B5217E /* DataManager.swift */,
				FCA9A99D292A690E00B5217E /* StorageManager.swift */,
			);
			path = Services;
			sourceTree = "<group>";
		};
		FCA9A9A1292A698A00B5217E /* Onboarding */ = {
			isa = PBXGroup;
			children = (
				FC9D9827292D0D1F0028A239 /* Views */,
				FCA9A981292A60D500B5217E /* GreetingsViewController.swift */,
				FC04107A292F5AFC00D44961 /* CategoriesPickerViewController.swift */,
				FC91AF70292FB0F700A4D352 /* CategoryViewCell.swift */,
			);
			name = Onboarding;
			sourceTree = "<group>";
		};
/* End PBXGroup section */

/* Begin PBXNativeTarget section */
		FCA9A979292A60D500B5217E /* DailyChallenge */ = {
			isa = PBXNativeTarget;
			buildConfigurationList = FCA9A98E292A60D500B5217E /* Build configuration list for PBXNativeTarget "DailyChallenge" */;
			buildPhases = (
				FCA9A976292A60D500B5217E /* Sources */,
				FCA9A977292A60D500B5217E /* Frameworks */,
				FCA9A978292A60D500B5217E /* Resources */,
			);
			buildRules = (
			);
			dependencies = (
			);
			name = DailyChallenge;
			productName = DailyChallenge;
			productReference = FCA9A97A292A60D500B5217E /* DailyChallenge.app */;
			productType = "com.apple.product-type.application";
		};
/* End PBXNativeTarget section */

/* Begin PBXProject section */
		FCA9A972292A60D500B5217E /* Project object */ = {
			isa = PBXProject;
			attributes = {
				BuildIndependentTargetsInParallel = 1;
				LastSwiftUpdateCheck = 1320;
				LastUpgradeCheck = 1320;
				TargetAttributes = {
					FCA9A979292A60D500B5217E = {
						CreatedOnToolsVersion = 13.2.1;
					};
				};
			};
			buildConfigurationList = FCA9A975292A60D500B5217E /* Build configuration list for PBXProject "DailyChallenge" */;
			compatibilityVersion = "Xcode 13.0";
			developmentRegion = en;
			hasScannedForEncodings = 0;
			knownRegions = (
				en,
				Base,
			);
			mainGroup = FCA9A971292A60D500B5217E;
			productRefGroup = FCA9A97B292A60D500B5217E /* Products */;
			projectDirPath = "";
			projectRoot = "";
			targets = (
				FCA9A979292A60D500B5217E /* DailyChallenge */,
			);
		};
/* End PBXProject section */

/* Begin PBXResourcesBuildPhase section */
		FCA9A978292A60D500B5217E /* Resources */ = {
			isa = PBXResourcesBuildPhase;
			buildActionMask = 2147483647;
			files = (
				FCA9A98A292A60D500B5217E /* LaunchScreen.storyboard in Resources */,
				FCA9A987292A60D500B5217E /* Assets.xcassets in Resources */,
			);
			runOnlyForDeploymentPostprocessing = 0;
		};
/* End PBXResourcesBuildPhase section */

/* Begin PBXSourcesBuildPhase section */
		FCA9A976292A60D500B5217E /* Sources */ = {
			isa = PBXSourcesBuildPhase;
			buildActionMask = 2147483647;
			files = (
				FC46DEE12933DD32007954D3 /* ProgressViewController.swift in Sources */,
				FCA9A982292A60D500B5217E /* GreetingsViewController.swift in Sources */,
				FC46DEDD2933D8D0007954D3 /* TabBarController.swift in Sources */,
				FCA9A9A3292A73BA00B5217E /* UIView + ext.swift in Sources */,
				FC04107B292F5AFC00D44961 /* CategoriesPickerViewController.swift in Sources */,
				FCA9A99C292A68EE00B5217E /* DataManager.swift in Sources */,
				FC46DEDF2933DD0F007954D3 /* StartChallengeViewController.swift in Sources */,
				FCA9A999292A688900B5217E /* Resources.swift in Sources */,
				FCA9A99E292A690E00B5217E /* StorageManager.swift in Sources */,
				FCA33978292CA4A200C38E7B /* Challenge.swift in Sources */,
				FC46DEE32933F243007954D3 /* ChallengeViewController.swift in Sources */,
				FCA9A97E292A60D500B5217E /* AppDelegate.swift in Sources */,
				FC9D9829292D0D450028A239 /* GreetingsView.swift in Sources */,
				FC9D9826292D0BE40028A239 /* DCBaseView.swift in Sources */,
				FC91AF71292FB0F700A4D352 /* CategoryViewCell.swift in Sources */,
				FCA9A997292A657E00B5217E /* DCBaseViewController.swift in Sources */,
			);
			runOnlyForDeploymentPostprocessing = 0;
		};
/* End PBXSourcesBuildPhase section */

/* Begin PBXVariantGroup section */
		FCA9A988292A60D500B5217E /* LaunchScreen.storyboard */ = {
			isa = PBXVariantGroup;
			children = (
				FCA9A989292A60D500B5217E /* Base */,
			);
			name = LaunchScreen.storyboard;
			sourceTree = "<group>";
		};
/* End PBXVariantGroup section */

/* Begin XCBuildConfiguration section */
		FCA9A98C292A60D500B5217E /* Debug */ = {
			isa = XCBuildConfiguration;
			buildSettings = {
				ALWAYS_SEARCH_USER_PATHS = NO;
				CLANG_ANALYZER_NONNULL = YES;
				CLANG_ANALYZER_NUMBER_OBJECT_CONVERSION = YES_AGGRESSIVE;
				CLANG_CXX_LANGUAGE_STANDARD = "gnu++17";
				CLANG_CXX_LIBRARY = "libc++";
				CLANG_ENABLE_MODULES = YES;
				CLANG_ENABLE_OBJC_ARC = YES;
				CLANG_ENABLE_OBJC_WEAK = YES;
				CLANG_WARN_BLOCK_CAPTURE_AUTORELEASING = YES;
				CLANG_WARN_BOOL_CONVERSION = YES;
				CLANG_WARN_COMMA = YES;
				CLANG_WARN_CONSTANT_CONVERSION = YES;
				CLANG_WARN_DEPRECATED_OBJC_IMPLEMENTATIONS = YES;
				CLANG_WARN_DIRECT_OBJC_ISA_USAGE = YES_ERROR;
				CLANG_WARN_DOCUMENTATION_COMMENTS = YES;
				CLANG_WARN_EMPTY_BODY = YES;
				CLANG_WARN_ENUM_CONVERSION = YES;
				CLANG_WARN_INFINITE_RECURSION = YES;
				CLANG_WARN_INT_CONVERSION = YES;
				CLANG_WARN_NON_LITERAL_NULL_CONVERSION = YES;
				CLANG_WARN_OBJC_IMPLICIT_RETAIN_SELF = YES;
				CLANG_WARN_OBJC_LITERAL_CONVERSION = YES;
				CLANG_WARN_OBJC_ROOT_CLASS = YES_ERROR;
				CLANG_WARN_QUOTED_INCLUDE_IN_FRAMEWORK_HEADER = YES;
				CLANG_WARN_RANGE_LOOP_ANALYSIS = YES;
				CLANG_WARN_STRICT_PROTOTYPES = YES;
				CLANG_WARN_SUSPICIOUS_MOVE = YES;
				CLANG_WARN_UNGUARDED_AVAILABILITY = YES_AGGRESSIVE;
				CLANG_WARN_UNREACHABLE_CODE = YES;
				CLANG_WARN__DUPLICATE_METHOD_MATCH = YES;
				COPY_PHASE_STRIP = NO;
				DEBUG_INFORMATION_FORMAT = dwarf;
				ENABLE_STRICT_OBJC_MSGSEND = YES;
				ENABLE_TESTABILITY = YES;
				GCC_C_LANGUAGE_STANDARD = gnu11;
				GCC_DYNAMIC_NO_PIC = NO;
				GCC_NO_COMMON_BLOCKS = YES;
				GCC_OPTIMIZATION_LEVEL = 0;
				GCC_PREPROCESSOR_DEFINITIONS = (
					"DEBUG=1",
					"$(inherited)",
				);
				GCC_WARN_64_TO_32_BIT_CONVERSION = YES;
				GCC_WARN_ABOUT_RETURN_TYPE = YES_ERROR;
				GCC_WARN_UNDECLARED_SELECTOR = YES;
				GCC_WARN_UNINITIALIZED_AUTOS = YES_AGGRESSIVE;
				GCC_WARN_UNUSED_FUNCTION = YES;
				GCC_WARN_UNUSED_VARIABLE = YES;
				IPHONEOS_DEPLOYMENT_TARGET = 15.2;
				MTL_ENABLE_DEBUG_INFO = INCLUDE_SOURCE;
				MTL_FAST_MATH = YES;
				ONLY_ACTIVE_ARCH = YES;
				SDKROOT = iphoneos;
				SWIFT_ACTIVE_COMPILATION_CONDITIONS = DEBUG;
				SWIFT_OPTIMIZATION_LEVEL = "-Onone";
			};
			name = Debug;
		};
		FCA9A98D292A60D500B5217E /* Release */ = {
			isa = XCBuildConfiguration;
			buildSettings = {
				ALWAYS_SEARCH_USER_PATHS = NO;
				CLANG_ANALYZER_NONNULL = YES;
				CLANG_ANALYZER_NUMBER_OBJECT_CONVERSION = YES_AGGRESSIVE;
				CLANG_CXX_LANGUAGE_STANDARD = "gnu++17";
				CLANG_CXX_LIBRARY = "libc++";
				CLANG_ENABLE_MODULES = YES;
				CLANG_ENABLE_OBJC_ARC = YES;
				CLANG_ENABLE_OBJC_WEAK = YES;
				CLANG_WARN_BLOCK_CAPTURE_AUTORELEASING = YES;
				CLANG_WARN_BOOL_CONVERSION = YES;
				CLANG_WARN_COMMA = YES;
				CLANG_WARN_CONSTANT_CONVERSION = YES;
				CLANG_WARN_DEPRECATED_OBJC_IMPLEMENTATIONS = YES;
				CLANG_WARN_DIRECT_OBJC_ISA_USAGE = YES_ERROR;
				CLANG_WARN_DOCUMENTATION_COMMENTS = YES;
				CLANG_WARN_EMPTY_BODY = YES;
				CLANG_WARN_ENUM_CONVERSION = YES;
				CLANG_WARN_INFINITE_RECURSION = YES;
				CLANG_WARN_INT_CONVERSION = YES;
				CLANG_WARN_NON_LITERAL_NULL_CONVERSION = YES;
				CLANG_WARN_OBJC_IMPLICIT_RETAIN_SELF = YES;
				CLANG_WARN_OBJC_LITERAL_CONVERSION = YES;
				CLANG_WARN_OBJC_ROOT_CLASS = YES_ERROR;
				CLANG_WARN_QUOTED_INCLUDE_IN_FRAMEWORK_HEADER = YES;
				CLANG_WARN_RANGE_LOOP_ANALYSIS = YES;
				CLANG_WARN_STRICT_PROTOTYPES = YES;
				CLANG_WARN_SUSPICIOUS_MOVE = YES;
				CLANG_WARN_UNGUARDED_AVAILABILITY = YES_AGGRESSIVE;
				CLANG_WARN_UNREACHABLE_CODE = YES;
				CLANG_WARN__DUPLICATE_METHOD_MATCH = YES;
				COPY_PHASE_STRIP = NO;
				DEBUG_INFORMATION_FORMAT = "dwarf-with-dsym";
				ENABLE_NS_ASSERTIONS = NO;
				ENABLE_STRICT_OBJC_MSGSEND = YES;
				GCC_C_LANGUAGE_STANDARD = gnu11;
				GCC_NO_COMMON_BLOCKS = YES;
				GCC_WARN_64_TO_32_BIT_CONVERSION = YES;
				GCC_WARN_ABOUT_RETURN_TYPE = YES_ERROR;
				GCC_WARN_UNDECLARED_SELECTOR = YES;
				GCC_WARN_UNINITIALIZED_AUTOS = YES_AGGRESSIVE;
				GCC_WARN_UNUSED_FUNCTION = YES;
				GCC_WARN_UNUSED_VARIABLE = YES;
				IPHONEOS_DEPLOYMENT_TARGET = 15.2;
				MTL_ENABLE_DEBUG_INFO = NO;
				MTL_FAST_MATH = YES;
				SDKROOT = iphoneos;
				SWIFT_COMPILATION_MODE = wholemodule;
				SWIFT_OPTIMIZATION_LEVEL = "-O";
				VALIDATE_PRODUCT = YES;
			};
			name = Release;
		};
		FCA9A98F292A60D500B5217E /* Debug */ = {
			isa = XCBuildConfiguration;
			buildSettings = {
				ASSETCATALOG_COMPILER_APPICON_NAME = AppIcon;
				ASSETCATALOG_COMPILER_GLOBAL_ACCENT_COLOR_NAME = AccentColor;
				CODE_SIGN_STYLE = Automatic;
				CURRENT_PROJECT_VERSION = 1;
				DEVELOPMENT_TEAM = 4ARG8W2BQX;
				GENERATE_INFOPLIST_FILE = YES;
				INFOPLIST_FILE = DailyChallenge/SupportingFiles/Info.plist;
				INFOPLIST_KEY_UIApplicationSupportsIndirectInputEvents = YES;
				INFOPLIST_KEY_UILaunchStoryboardName = LaunchScreen;
				INFOPLIST_KEY_UISupportedInterfaceOrientations = UIInterfaceOrientationPortrait;
				INFOPLIST_KEY_UISupportedInterfaceOrientations_iPad = "UIInterfaceOrientationPortrait UIInterfaceOrientationPortraitUpsideDown UIInterfaceOrientationLandscapeLeft UIInterfaceOrientationLandscapeRight";
				INFOPLIST_KEY_UISupportedInterfaceOrientations_iPhone = "UIInterfaceOrientationPortrait UIInterfaceOrientationLandscapeLeft UIInterfaceOrientationLandscapeRight";
				LD_RUNPATH_SEARCH_PATHS = (
					"$(inherited)",
					"@executable_path/Frameworks",
				);
				MARKETING_VERSION = 1.0;
				PRODUCT_BUNDLE_IDENTIFIER = com.zhukov.DailyChallenge;
				PRODUCT_NAME = "$(TARGET_NAME)";
				SWIFT_EMIT_LOC_STRINGS = YES;
				SWIFT_VERSION = 5.0;
				TARGETED_DEVICE_FAMILY = 1;
			};
			name = Debug;
		};
		FCA9A990292A60D500B5217E /* Release */ = {
			isa = XCBuildConfiguration;
			buildSettings = {
				ASSETCATALOG_COMPILER_APPICON_NAME = AppIcon;
				ASSETCATALOG_COMPILER_GLOBAL_ACCENT_COLOR_NAME = AccentColor;
				CODE_SIGN_STYLE = Automatic;
				CURRENT_PROJECT_VERSION = 1;
				DEVELOPMENT_TEAM = 4ARG8W2BQX;
				GENERATE_INFOPLIST_FILE = YES;
				INFOPLIST_FILE = DailyChallenge/SupportingFiles/Info.plist;
				INFOPLIST_KEY_UIApplicationSupportsIndirectInputEvents = YES;
				INFOPLIST_KEY_UILaunchStoryboardName = LaunchScreen;
				INFOPLIST_KEY_UISupportedInterfaceOrientations = UIInterfaceOrientationPortrait;
				INFOPLIST_KEY_UISupportedInterfaceOrientations_iPad = "UIInterfaceOrientationPortrait UIInterfaceOrientationPortraitUpsideDown UIInterfaceOrientationLandscapeLeft UIInterfaceOrientationLandscapeRight";
				INFOPLIST_KEY_UISupportedInterfaceOrientations_iPhone = "UIInterfaceOrientationPortrait UIInterfaceOrientationLandscapeLeft UIInterfaceOrientationLandscapeRight";
				LD_RUNPATH_SEARCH_PATHS = (
					"$(inherited)",
					"@executable_path/Frameworks",
				);
				MARKETING_VERSION = 1.0;
				PRODUCT_BUNDLE_IDENTIFIER = com.zhukov.DailyChallenge;
				PRODUCT_NAME = "$(TARGET_NAME)";
				SWIFT_EMIT_LOC_STRINGS = YES;
				SWIFT_VERSION = 5.0;
				TARGETED_DEVICE_FAMILY = 1;
			};
			name = Release;
		};
/* End XCBuildConfiguration section */

/* Begin XCConfigurationList section */
		FCA9A975292A60D500B5217E /* Build configuration list for PBXProject "DailyChallenge" */ = {
			isa = XCConfigurationList;
			buildConfigurations = (
				FCA9A98C292A60D500B5217E /* Debug */,
				FCA9A98D292A60D500B5217E /* Release */,
			);
			defaultConfigurationIsVisible = 0;
			defaultConfigurationName = Release;
		};
		FCA9A98E292A60D500B5217E /* Build configuration list for PBXNativeTarget "DailyChallenge" */ = {
			isa = XCConfigurationList;
			buildConfigurations = (
				FCA9A98F292A60D500B5217E /* Debug */,
				FCA9A990292A60D500B5217E /* Release */,
			);
			defaultConfigurationIsVisible = 0;
			defaultConfigurationName = Release;
		};
/* End XCConfigurationList section */
	};
	rootObject = FCA9A972292A60D500B5217E /* Project object */;
}
